# This file is autogenerated, do not edit; changes may be undone by the next 'dep ensure'.


[[projects]]
  digest = "1:9f3b30d9f8e0d7040f729b82dcbc8f0dead820a133b3147ce355fc451f32d761"
  name = "github.com/BurntSushi/toml"
  packages = ["."]
  pruneopts = "UT"
  revision = "3012a1dbe2e4bd1391d42b32f0577cb7bbc7f005"
  version = "v0.3.1"

[[projects]]
  digest = "1:18fca7f682febe8a0f74f7d63408993043ad68a1566671ecafc1e35a59eca6b4"
  name = "github.com/OpenPeeDeeP/depguard"
  packages = ["."]
  pruneopts = "UT"
  revision = "2c5871f4f2dd78afab3c5075f292cdadb1f1d2d8"
  version = "v1.0.1"

[[projects]]
  digest = "1:c778b1bf000c76e9510b9b1f5d7a9c050e6c298196bb04ab0ff119a2816bd9e5"
  name = "github.com/bombsimon/wsl"
  packages = ["."]
  pruneopts = "UT"
  revision = "7e5bf66d1912fcd8195e98cbb1e47cca91ed01c0"
  version = "v1.2.5"

[[projects]]
  digest = "1:1f7f77f3320fee4b173abc1fbbafc7ce17c99dfd0bf79ce080c0bf73a83c31f8"
  name = "github.com/davecgh/go-spew"
  packages = ["spew"]
  pruneopts = "UT"
  revision = "a476722483882dd40b8111f0eb64e1d7f43f56e4"

[[projects]]
  digest = "1:938a2672d6ebbb7f7bc63eee3e4b9464c16ffcf77ec8913d3edbf32b4e3984dd"
  name = "github.com/fatih/color"
  packages = ["."]
  pruneopts = "UT"
  revision = "570b54cabe6b8eb0bc2dfce68d964677d63b5260"
  version = "v1.5.0"

[[projects]]
  digest = "1:abeb38ade3f32a92943e5be54f55ed6d6e3b6602761d74b4aab4c9dd45c18abd"
  name = "github.com/fsnotify/fsnotify"
  packages = ["."]
  pruneopts = "UT"
  revision = "c2828203cd70a50dcccfb2761f8b1f8ceef9a8e9"
  version = "v1.4.7"

[[projects]]
  digest = "1:b57b6448d97d626ca173056800c194c7cc7f1f6f6590eafd18fe86dfb434f080"
  name = "github.com/go-critic/go-critic"
  packages = [
    "checkers",
    "checkers/internal/lintutil",
  ]
  pruneopts = "UT"
  revision = "d7b3038bc7a1c35a1d02fdd7cf4094f0f1a12001"
  version = "v0.3.4"

[[projects]]
  digest = "1:f12f53369294649f9d5046d1e8a40187ad36584201a9e1a135bf44589df1deb8"
  name = "github.com/go-lintpack/lintpack"
  packages = [
    ".",
    "astwalk",
  ]
  pruneopts = "UT"
  revision = "80adc0715ac409128d0b7212719896ad8d3444b7"
  version = "v0.5.2"

[[projects]]
  digest = "1:b9a8d81ce273b216a3ad70ff95d98179ec2f5392523a9a305b3e38c70ca9d361"
  name = "github.com/go-toolsmith/astcast"
  packages = ["."]
  pruneopts = "UT"
  revision = "a6cb19f07b66b859a53f3f2be6e4c3bba892db7e"
  version = "v1.0.0"

[[projects]]
  digest = "1:bd091673b35859ad8f831a5b3c961805e108be72d0778b9d07fd383e59ab4287"
  name = "github.com/go-toolsmith/astcopy"
  packages = ["."]
  pruneopts = "UT"
  revision = "245af3020944a15e09072c8ad3883c1451d1fdef"
  version = "v1.0.0"

[[projects]]
  digest = "1:db8123e0896cf805cb30c7bacad0b1a1d562edbbcd2a765ceda1af926c9a99a4"
  name = "github.com/go-toolsmith/astequal"
  packages = ["."]
  pruneopts = "UT"
  revision = "dcb477bfacd6e00a13c6d63bfc73db28dd343160"
  version = "v1.0.0"

[[projects]]
  digest = "1:1ef70bd4e2d06e76470c3cb43b89020201dcb0b4a409d9a961df77cfaf5ae3a8"
  name = "github.com/go-toolsmith/astfmt"
  packages = ["."]
  pruneopts = "UT"
  revision = "0d74c731079884bda287cf8df9ce7b92e688af8c"
  version = "v1.0.0"

[[projects]]
  digest = "1:f2def520d33d9ba100161b0d2101f98b2104e62bafd3e45ae5deca271ac84000"
  name = "github.com/go-toolsmith/astp"
  packages = ["."]
  pruneopts = "UT"
  revision = "6373270dee65bfb0479f2acd16d4c8e9d5db13f8"
  version = "v1.0.0"

[[projects]]
  digest = "1:aba9fa7c6dacad505e95d984ec0b07f6b5a4691ed2f4ff36c7b732b3704627a3"
  name = "github.com/go-toolsmith/strparse"
  packages = ["."]
  pruneopts = "UT"
  revision = "830b6daa1241714c12a9b9a4a56849fe2f93aedc"
  version = "v1.0.0"

[[projects]]
  digest = "1:a51f9845b0dec6e372e229395e019cab7c032711c6ca3ec1895a58bfdf760962"
  name = "github.com/go-toolsmith/typep"
  packages = ["."]
  pruneopts = "UT"
  revision = "cab1745ffd84a567b524317c7f90e96755b18fcf"
  version = "v1.0.0"

[[projects]]
  digest = "1:9ae31ce33b4bab257668963e844d98765b44160be4ee98cafc44637a213e530d"
  name = "github.com/gobwas/glob"
  packages = [
    ".",
    "compiler",
    "match",
    "syntax",
    "syntax/ast",
    "syntax/lexer",
    "util/runes",
    "util/strings",
  ]
  pruneopts = "UT"
  revision = "5ccd90ef52e1e632236f7326478d4faa74f99438"
  version = "v0.2.3"

[[projects]]
  digest = "1:4caab6f14c6b9654ccb7d398791d1f71a2d4e693ea508d29659a173e1b2e644a"
  name = "github.com/gogo/protobuf"
  packages = ["proto"]
  pruneopts = "UT"
  revision = "5628607bb4c51c3157aacc3a50f0ab707582b805"
  version = "v1.3.1"

[[projects]]
  branch = "master"
  digest = "1:c173565780edcf5d43c5f983be0e9085266764465422d4ad230355abd2e0d252"
  name = "github.com/golangci/check"
  packages = [
    "cmd/structcheck",
    "cmd/varcheck",
  ]
  pruneopts = "UT"
  revision = "cfe4005ccda277a820149d44d6ededc400cc99a2"

[[projects]]
  branch = "master"
  digest = "1:efb8cf3f0c2f47844104d6e879fc77d846649df794e378cae50e749fad1bb1dc"
  name = "github.com/golangci/dupl"
  packages = [
    ".",
    "job",
    "printer",
    "suffixtree",
    "syntax",
    "syntax/golang",
  ]
  pruneopts = "UT"
  revision = "3e9179ac440a0386ac7cc9a085fc44397c6b9bbc"

[[projects]]
  branch = "master"
  digest = "1:f1761ff12ebf63f70390733f5804434f9b323996816cb9cddbb7041279872bcb"
  name = "github.com/golangci/errcheck"
  packages = [
    "golangci",
    "internal/errcheck",
  ]
  pruneopts = "UT"
  revision = "ef45e06d44b6e018d817c16c762d448990adc5e0"

[[projects]]
  branch = "master"
  digest = "1:f63d85b6e551b6c8aa3ed2e42b64db15f5b525bdb01fa36af18288f1de4c859b"
  name = "github.com/golangci/go-misc"
  packages = ["deadcode"]
  pruneopts = "UT"
  revision = "927a3d87b613e9f6f0fb7ef8bb8de8b83c30a5a2"

[[projects]]
  branch = "master"
  digest = "1:e1b9fbecb1d985f291dbca59767070fe899f38d1b40f7e9433f9a42b7fb3bd4e"
  name = "github.com/golangci/goconst"
  packages = ["."]
  pruneopts = "UT"
  revision = "041c5f2b40f3dd334a4a6ee6a3f84ca3fc70680a"

[[projects]]
  branch = "master"
  digest = "1:431fd101ab780d1916262a582e241d01cbcbca10f7d85ebdd4ba339b8485483e"
  name = "github.com/golangci/gocyclo"
  packages = ["pkg/gocyclo"]
  pruneopts = "UT"
  revision = "0a533e8fa43d6605069e94f455bf9d79d4b8ea8c"

[[projects]]
  branch = "master"
  digest = "1:591fcf7c9c4942bff2c32f76a248efa735067fdd7ac5c4571ecd4b71534f3542"
  name = "github.com/golangci/gofmt"
  packages = [
    "gofmt",
    "goimports",
  ]
  pruneopts = "UT"
  revision = "244bba706f1af52a02a156282f7473162611fba1"

[[projects]]
  digest = "1:6705ff173d66925f037045ea659ac93fb48b15e6719052a8eb74998b88102168"
  name = "github.com/golangci/golangci-lint"
  packages = [
    "cmd/golangci-lint",
    "internal/cache",
    "internal/errorutil",
    "internal/pkgcache",
    "internal/renameio",
    "internal/robustio",
    "pkg/commands",
    "pkg/config",
    "pkg/exitcodes",
    "pkg/fsutils",
    "pkg/golinters",
    "pkg/golinters/goanalysis",
    "pkg/golinters/goanalysis/load",
    "pkg/goutil",
    "pkg/lint",
    "pkg/lint/linter",
    "pkg/lint/lintersdb",
    "pkg/logutils",
    "pkg/packages",
    "pkg/printers",
    "pkg/report",
    "pkg/result",
    "pkg/result/processors",
    "pkg/timeutils",
  ]
  pruneopts = "UT"
  revision = "849044b8f0d0153fbaf40eec069c79fb51d1293c"
  version = "v1.20.1"

[[projects]]
  branch = "master"
  digest = "1:3a5ea92f78579dfd319260ce995575c07890c8aff429035637287a00da664647"
  name = "github.com/golangci/ineffassign"
  packages = ["."]
  pruneopts = "UT"
  revision = "2ee8f2867dde308c46d401d6d30f6c644094b167"

[[projects]]
  branch = "master"
  digest = "1:3919f284dcb91eca214603fb11ba9a9d5b020975b577b2c85c541ac3d40fa114"
  name = "github.com/golangci/lint-1"
  packages = ["."]
  pruneopts = "UT"
  revision = "d2cdd8c0821928c61cb0903441f8b35457a98a61"

[[projects]]
  branch = "master"
  digest = "1:8665edfb3c5371fbac9820d127fa0d9aed813cc2349a27a7d16064dd89fed146"
  name = "github.com/golangci/maligned"
  packages = ["."]
  pruneopts = "UT"
  revision = "b1d89398deca2fd3f8578e5a9551e819bd01ca5f"

[[projects]]
  digest = "1:73dfedbcb6b348638ef0066766a9e7d8f6cfc5cfcb3a8e00ceb631a4bca73cf1"
  name = "github.com/golangci/misspell"
  packages = ["."]
  pruneopts = "UT"
  revision = "b90dc15cfd220ecf8bbc9043ecb928cef381f011"
  version = "v0.3.4"

[[projects]]
  branch = "master"
  digest = "1:6bc38b03a76ac4ce44482b437c6a31ec441e494abd271d63722f99ac2e7e9e80"
  name = "github.com/golangci/prealloc"
  packages = ["."]
  pruneopts = "UT"
  revision = "215b22d4de21190b80ce05e7d8466677c1aa3223"

[[projects]]
  branch = "master"
  digest = "1:6bea17ec2cee4996145d70cffbee98330adc2bfc24107373953a250abca159ff"
  name = "github.com/golangci/revgrep"
  packages = ["."]
  pruneopts = "UT"
  revision = "276a5c0a103935ee65af49afc254a65335bf1fcf"

[[projects]]
  branch = "master"
  digest = "1:c553e7c7483f2d6db1e84a27a18df144ed4041792d7556916369f86ccf5409fe"
  name = "github.com/golangci/unconvert"
  packages = ["."]
  pruneopts = "UT"
  revision = "28b1c447d1f4a810737ee6ab40ea6c1d0ceae4ad"

[[projects]]
  digest = "1:a57138775ae71ef8973f4bc1e4cb61ced7c90d5c320741649e55e915f650c5bf"
  name = "github.com/gostaticanalysis/analysisutil"
  packages = ["."]
  pruneopts = "UT"
  revision = "e9ecfa28cf23ff7e55a7e64f1b2620d5350abd17"
  version = "v0.0.3"

[[projects]]
  digest = "1:cde3502ff38bf880c3a783acc5b48754aa509c651c4902c68726d2769883e9de"
  name = "github.com/gosuri/uilive"
  packages = ["."]
  pruneopts = "UT"
  revision = "ac356e6e42cd31fcef8e6aec13ae9ed6fe87713e"
  version = "v0.0.1"

[[projects]]
  digest = "1:c0d19ab64b32ce9fe5cf4ddceba78d5bc9807f0016db6b1183599da3dcc24d10"
  name = "github.com/hashicorp/hcl"
  packages = [
    ".",
    "hcl/ast",
    "hcl/parser",
    "hcl/printer",
    "hcl/scanner",
    "hcl/strconv",
    "hcl/token",
    "json/parser",
    "json/scanner",
    "json/token",
  ]
  pruneopts = "UT"
  revision = "8cb6e5b959231cc1119e43259c4a608f9c51a241"
  version = "v1.0.0"

[[projects]]
  digest = "1:870d441fe217b8e689d7949fef6e43efbc787e50f200cb1e70dbca9204a1d6be"
  name = "github.com/inconshreveable/mousetrap"
  packages = ["."]
  pruneopts = "UT"
  revision = "76626ae9c91c4f2a10f34cad8ce83ea42c93bb75"
  version = "v1.0"

[[projects]]
  digest = "1:15ec2166e33ef6c60b344a04d050eec79193517e7f5082b6233b2d09ef0d10b8"
  name = "github.com/kisielk/gotool"
  packages = [
    ".",
    "internal/load",
  ]
  pruneopts = "UT"
  revision = "80517062f582ea3340cd4baf70e86d539ae7d84d"
  version = "v1.0.0"

[[projects]]
  digest = "1:31e761d97c76151dde79e9d28964a812c46efc5baee4085b86f68f0c654450de"
  name = "github.com/konsorten/go-windows-terminal-sequences"
  packages = ["."]
  pruneopts = "UT"
  revision = "f55edac94c9bbba5d6182a4be46d86a2c9b5b50e"
  version = "v1.0.2"

[[projects]]
  digest = "1:3812191eff0d1af2882ba36fb3e6732f02057052538edfcc7f8c8f982c658039"
  name = "github.com/kyokomi/emoji"
  packages = ["."]
  pruneopts = "UT"
  revision = "ddd4753eac3f6480ca86b16cc6c98d26a0935d17"

[[projects]]
  digest = "1:5a0ef768465592efca0412f7e838cdc0826712f8447e70e6ccc52eb441e9ab13"
  name = "github.com/magiconair/properties"
  packages = ["."]
  pruneopts = "UT"
  revision = "de8848e004dd33dc07a2947b3d76f618a7fc7ef1"
  version = "v1.8.1"

[[projects]]
  digest = "1:a80d521dc8bdc604bd31211086a0afa8188f469c2d2b9ae601ebce0e28938b8f"
  name = "github.com/matoous/godox"
  packages = ["."]
  pruneopts = "UT"
  revision = "5d6d842e92eb27a4e7c1dde98f378a13d9208d57"
  version = "v1.0"

[[projects]]
  digest = "1:4a29eeb25603debe8f2098a9902c4d3851034cf70d33be428826e86e8c30a1b0"
  name = "github.com/mattn/go-colorable"
  packages = ["."]
  pruneopts = "UT"
  revision = "98ec13f34aabf44cc914c65a1cfb7b9bc815aef1"
  version = "v0.1.4"

[[projects]]
  digest = "1:fa610f9fe6a93f4a75e64c83673dfff9bf1a34bbb21e6102021b6bc7850834a3"
  name = "github.com/mattn/go-isatty"
  packages = ["."]
  pruneopts = "UT"
  revision = "fc9e8d8ef48496124e79ae0df75490096eccf6fe"
  version = "v0.0.2"

[[projects]]
  digest = "1:5d231480e1c64a726869bc4142d270184c419749d34f167646baa21008eb0a79"
  name = "github.com/mitchellh/go-homedir"
  packages = ["."]
  pruneopts = "UT"
  revision = "af06845cf3004701891bf4fdb884bfe4920b3727"
  version = "v1.1.0"

[[projects]]
  digest = "1:53bc4cd4914cd7cd52139990d5170d6dc99067ae31c56530621b18b35fc30318"
  name = "github.com/mitchellh/mapstructure"
  packages = ["."]
  pruneopts = "UT"
  revision = "3536a929edddb9a5b34bd6861dc4a9647cb459fe"
  version = "v1.1.2"

[[projects]]
  digest = "1:66b0a65aba488ca6c72f77132d5b8d7e2c5baf07d577dee64502b69a2c90c791"
  name = "github.com/nbutton23/zxcvbn-go"
  packages = [
    ".",
    "adjacency",
    "data",
    "entropy",
    "frequency",
    "match",
    "matching",
    "scoring",
    "utils/math",
  ]
  pruneopts = "UT"
  revision = "eafdab6b0663b4b528c35975c8b0e78be6e25261"
  version = "v0.1"

[[projects]]
  digest = "1:bbd3997f0121200f72b64d7a3826eb8a0b910d6a4c19894c9fe2852b9e5eaf3b"
  name = "github.com/pelletier/go-toml"
  packages = ["."]
  pruneopts = "UT"
  revision = "8fe62057ea2d46ce44254c98e84e810044dbe197"
  version = "v1.5.0"

[[projects]]
  digest = "1:cf31692c14422fa27c83a05292eb5cbe0fb2775972e8f1f8446a71549bd8980b"
  name = "github.com/pkg/errors"
  packages = ["."]
  pruneopts = "UT"
  revision = "ba968bfe8b2f7e042a574c888954fccecfa385b4"
  version = "v0.8.1"

[[projects]]
  digest = "1:0028cb19b2e4c3112225cd871870f2d9cf49b9b4276531f03438a88e94be86fe"
  name = "github.com/pmezard/go-difflib"
  packages = ["difflib"]
  pruneopts = "UT"
  revision = "792786c7400a136282c1664665ae0a8db921c6c2"
  version = "v1.0.0"

[[projects]]
  digest = "1:8b496f1dda54150d1fc7cdcd7a6222f7f5bd854b9185ae03eee8c7b0ad6722d1"
  name = "github.com/securego/gosec"
  packages = [
    ".",
    "rules",
  ]
  pruneopts = "UT"
  revision = "28c1128b733663b49bf16953bc7005e887d7a8bf"
  version = "v2.1.0"

[[projects]]
  digest = "1:04457f9f6f3ffc5fea48e71d62f2ca256637dee0a04d710288e27e05c8b41976"
  name = "github.com/sirupsen/logrus"
  packages = ["."]
  pruneopts = "UT"
  revision = "839c75faf7f98a33d445d181f3018b5c3409a45e"
  version = "v1.4.2"

[[projects]]
  digest = "1:f0be8922b4a34a3e07caef4c8bcb9377713af6edf3b7cb9ded42f095b7994374"
  name = "github.com/sourcegraph/go-diff"
  packages = ["diff"]
  pruneopts = "UT"
  revision = "042635e6444e67483d777aaa240274f13691500c"
  version = "v0.5.1"

[[projects]]
  digest = "1:bb495ec276ab82d3dd08504bbc0594a65de8c3b22c6f2aaa92d05b73fbf3a82e"
  name = "github.com/spf13/afero"
  packages = [
    ".",
    "mem",
  ]
  pruneopts = "UT"
  revision = "588a75ec4f32903aa5e39a2619ba6a4631e28424"
  version = "v1.2.2"

[[projects]]
  digest = "1:08d65904057412fc0270fc4812a1c90c594186819243160dc779a402d4b6d0bc"
  name = "github.com/spf13/cast"
  packages = ["."]
  pruneopts = "UT"
  revision = "8c9545af88b134710ab1cd196795e7f2388358d7"
  version = "v1.3.0"

[[projects]]
  digest = "1:e096613fb7cf34743d49af87d197663cfccd61876e2219853005a57baedfa562"
  name = "github.com/spf13/cobra"
  packages = ["."]
  pruneopts = "UT"
  revision = "f2b07da1e2c38d5f12845a4f607e2e1018cbb1f5"
  version = "v0.0.5"

[[projects]]
  digest = "1:1b753ec16506f5864d26a28b43703c58831255059644351bbcb019b843950900"
  name = "github.com/spf13/jwalterweatherman"
  packages = ["."]
  pruneopts = "UT"
  revision = "94f6ae3ed3bceceafa716478c5fbf8d29ca601a1"
  version = "v1.1.0"

[[projects]]
  digest = "1:524b71991fc7d9246cc7dc2d9e0886ccb97648091c63e30eef619e6862c955dd"
  name = "github.com/spf13/pflag"
  packages = ["."]
  pruneopts = "UT"
  revision = "2e9d26c8c37aae03e3f9d4e90b7116f5accb7cab"
  version = "v1.0.5"

[[projects]]
  digest = "1:11118bd196646c6515fea3d6c43f66162833c6ae4939bfb229b9956d91c6cf17"
  name = "github.com/spf13/viper"
  packages = ["."]
  pruneopts = "UT"
  revision = "b5bf975e5823809fb22c7644d008757f78a4259e"
  version = "v1.4.0"

[[projects]]
  digest = "1:23472f69a3ee7225de2f104aa48c6456959d1c155e45035c9845806d83109190"
  name = "github.com/stretchr/objx"
  packages = ["."]
  pruneopts = "UT"
  revision = "ea4fe68685ee0d3cee7032121851b57e7494e8ea"
  version = "v0.2.0"

[[projects]]
  digest = "1:d4d33e98b1ca23c9cbb75352870abae4464d0c3d901afdb2843d1c757bbc3831"
  name = "github.com/stretchr/testify"
  packages = [
    "assert",
    "mock",
  ]
  pruneopts = "UT"
  revision = "890a5c3458b43e6104ff5da8dfa139d013d77544"

[[projects]]
  branch = "master"
  digest = "1:39bf24df8417e1f70a8e22e8e955e9e8dddf38185077276f5aa8c73300852844"
  name = "github.com/timakin/bodyclose"
  packages = ["passes/bodyclose"]
  pruneopts = "UT"
  revision = "f7f2e9bca95e9160b6ee3160a1ef03a366765b56"

[[projects]]
  digest = "1:34dc770fc8dfa53ca1328c71956929a81b493535924019d7dbee11c310179ca0"
  name = "github.com/ultraware/funlen"
  packages = ["."]
  pruneopts = "UT"
  revision = "c6efe6fe50717e77d4ccc4cdf3e99345e50341ad"
  version = "v0.0.2"

[[projects]]
  digest = "1:c8f511ab26bac722b7488e7c612428526820fef9b8f52f4c22aa7f4be97fb1cd"
  name = "github.com/ultraware/whitespace"
  packages = ["."]
  pruneopts = "UT"
  revision = "83a46e7e913269e68dc64d4d2db3f2c9fb0e1714"
  version = "v0.0.4"

[[projects]]
  digest = "1:272f4006807ddef86e8501351a23b249a0bd48f28841a58ac43e8be031d2daf8"
  name = "github.com/uudashr/gocognit"
  packages = ["."]
  pruneopts = "UT"
  revision = "1655d0de0517dc60a6c9de67dfe9d3992f83c2d9"
  version = "v1.0.0"

[[projects]]
  digest = "1:b0a7b5e84cb25068337e4cfa015f19c1a0e160c55691abe86af7a4ec4acdd054"
  name = "golang.org/x/sys"
  packages = ["unix"]
  pruneopts = "UT"
  revision = "d8f5ea21b9295e315e612b4bcf4bedea93454d4d"

[[projects]]
  digest = "1:9ee1865008145a8793175da809073b7ff5ae34301527884637b76777e6ac8253"
  name = "golang.org/x/text"
  packages = [
    "internal/gen",
    "internal/triegen",
    "internal/ucd",
    "transform",
    "unicode/cldr",
    "unicode/norm",
    "width",
  ]
  pruneopts = "UT"
  revision = "342b2e1fbaa52c93f31447ad2c6abc048c63e475"
  version = "v0.3.2"

[[projects]]
  branch = "master"
  digest = "1:c976deaf252e9749f116a1a3d3fcb931515b48958cc25569470e19d6198eaff9"
  name = "golang.org/x/tools"
  packages = [
    "go/analysis",
    "go/analysis/passes/asmdecl",
    "go/analysis/passes/assign",
    "go/analysis/passes/atomic",
    "go/analysis/passes/atomicalign",
    "go/analysis/passes/bools",
    "go/analysis/passes/buildssa",
    "go/analysis/passes/buildtag",
    "go/analysis/passes/cgocall",
    "go/analysis/passes/composite",
    "go/analysis/passes/copylock",
    "go/analysis/passes/ctrlflow",
    "go/analysis/passes/deepequalerrors",
    "go/analysis/passes/errorsas",
    "go/analysis/passes/findcall",
    "go/analysis/passes/httpresponse",
    "go/analysis/passes/inspect",
    "go/analysis/passes/internal/analysisutil",
    "go/analysis/passes/loopclosure",
    "go/analysis/passes/lostcancel",
    "go/analysis/passes/nilfunc",
    "go/analysis/passes/nilness",
    "go/analysis/passes/pkgfact",
    "go/analysis/passes/printf",
    "go/analysis/passes/shadow",
    "go/analysis/passes/shift",
    "go/analysis/passes/sortslice",
    "go/analysis/passes/stdmethods",
    "go/analysis/passes/structtag",
    "go/analysis/passes/tests",
    "go/analysis/passes/unmarshal",
    "go/analysis/passes/unreachable",
    "go/analysis/passes/unsafeptr",
    "go/analysis/passes/unusedresult",
    "go/ast/astutil",
    "go/ast/inspector",
    "go/buildutil",
    "go/cfg",
    "go/gcexportdata",
    "go/internal/cgo",
    "go/internal/gcimporter",
    "go/internal/packagesdriver",
    "go/loader",
    "go/packages",
    "go/ssa",
    "go/ssa/ssautil",
    "go/types/objectpath",
    "go/types/typeutil",
    "imports",
    "internal/fastwalk",
    "internal/gopathwalk",
    "internal/imports",
    "internal/module",
    "internal/semver",
    "internal/span",
  ]
  pruneopts = "UT"
  revision = "ed542cd5b28ad1b474f8ff7ca112cad2c3ac2dc8"

[[projects]]
  digest = "1:6570992c02a2137a20be83990a979b6fe892e20ecdc6b756449989b2a7efb8ae"
  name = "gopkg.in/yaml.v2"
  packages = ["."]
  pruneopts = "UT"
  revision = "eb3733d160e74a9c7e442f435eb3bea458e1d19f"

[[projects]]
  digest = "1:82591daed6acdf47efe0dd2fd34b649ee68d7b84b4b38098b81f3fa9b80b5ece"
  name = "honnef.co/go/tools"
  packages = [
    "arg",
    "config",
    "deprecated",
    "facts",
    "functions",
    "go/types/typeutil",
    "internal/cache",
    "internal/passes/buildssa",
    "internal/renameio",
    "internal/sharedcheck",
    "lint",
    "lint/lintdsl",
    "lint/lintutil",
    "lint/lintutil/format",
    "loader",
    "printf",
    "simple",
    "ssa",
    "ssautil",
    "staticcheck",
    "staticcheck/vrp",
    "stylecheck",
    "unused",
    "version",
  ]
  pruneopts = "UT"
  revision = "afd67930eec2a9ed3e9b19f684d17a062285f16a"
  version = "2019.2.3"

[[projects]]
  branch = "master"
  digest = "1:ef98efcb9462d27d251466fdc89656c5dbc28f4dc6b428a4270c3ba668ea412d"
  name = "mvdan.cc/interfacer"
  packages = ["check"]
  pruneopts = "UT"
  revision = "c20040233aedb03da82d460eca6130fcd91c629a"

[[projects]]
  branch = "master"
  digest = "1:521f15c98723cb42db85f5b83980ffa5f707ddaff12976a0d366e6a6cdd1f791"
  name = "mvdan.cc/lint"
  packages = ["."]
  pruneopts = "UT"
  revision = "adc824a0674b99099789b6188a058d485eaf61c0"

[[projects]]
  branch = "master"
  digest = "1:49663f044145c794116bde2cbcc8045164717b068a3194d26ae2243874de5994"
  name = "mvdan.cc/unparam"
  packages = ["check"]
  pruneopts = "UT"
  revision = "b83a221c10a299865e0456259e7ec7a1a373f291"

[[projects]]
  digest = "1:ffbeee69d5d01b594a4ca53e359861e3416c70bdbca8d423c72b815f470ecc49"
  name = "sourcegraph.com/sqs/pbtypes"
  packages = ["."]
  pruneopts = "UT"
  revision = "688c2c2cb411327a50aae0f89119af9f38b0fc03"
  version = "v1.0.0"

[solve-meta]
  analyzer-name = "dep"
  analyzer-version = 1
  input-imports = [
    "github.com/golangci/golangci-lint/cmd/golangci-lint",
    "github.com/gosuri/uilive",
    "github.com/kyokomi/emoji",
    "github.com/stretchr/testify/assert",
    "gopkg.in/yaml.v2",
  ]
  solver-name = "gps-cdcl"
  solver-version = 1
